// !$*UTF8*$!
{
	archiveVersion = 1;
	classes = {
	};
	objectVersion = 50;
	objects = {

/* Begin PBXBuildFile section */
		0409DC962252160700DBB4B9 /* PickupViewController.swift in Sources */ = {isa = PBXBuildFile; fileRef = 0409DC952252160700DBB4B9 /* PickupViewController.swift */; };
		0409DC98225216D800DBB4B9 /* RoundMapView.swift in Sources */ = {isa = PBXBuildFile; fileRef = 0409DC97225216D800DBB4B9 /* RoundMapView.swift */; };
		04122604224CF45D00343B18 /* PassangerAnnotation.swift in Sources */ = {isa = PBXBuildFile; fileRef = 04122603224CF45D00343B18 /* PassangerAnnotation.swift */; };
		041A52AD2243BF8000ECE40C /* AppDelegate.swift in Sources */ = {isa = PBXBuildFile; fileRef = 041A52AC2243BF8000ECE40C /* AppDelegate.swift */; };
		041A52AF2243BF8000ECE40C /* HomeViewController.swift in Sources */ = {isa = PBXBuildFile; fileRef = 041A52AE2243BF8000ECE40C /* HomeViewController.swift */; };
		041A52B22243BF8000ECE40C /* Main.storyboard in Resources */ = {isa = PBXBuildFile; fileRef = 041A52B02243BF8000ECE40C /* Main.storyboard */; };
		041A52B42243BF8200ECE40C /* Assets.xcassets in Resources */ = {isa = PBXBuildFile; fileRef = 041A52B32243BF8200ECE40C /* Assets.xcassets */; };
		041A52B72243BF8200ECE40C /* LaunchScreen.storyboard in Resources */ = {isa = PBXBuildFile; fileRef = 041A52B52243BF8200ECE40C /* LaunchScreen.storyboard */; };
		042629BD224A40820091229A /* UIViewExtension.swift in Sources */ = {isa = PBXBuildFile; fileRef = 042629BC224A40820091229A /* UIViewExtension.swift */; };
		0429E2A8224BBA7400E0B250 /* UpdateService.swift in Sources */ = {isa = PBXBuildFile; fileRef = 0429E2A7224BBA7400E0B250 /* UpdateService.swift */; };
		0429E2AA224BC33100E0B250 /* DriverAnnotation.swift in Sources */ = {isa = PBXBuildFile; fileRef = 0429E2A9224BC33100E0B250 /* DriverAnnotation.swift */; };
		04407049224D01A900F8B76E /* GoogleService-Info.plist in Resources */ = {isa = PBXBuildFile; fileRef = 04407048224D01A900F8B76E /* GoogleService-Info.plist */; };
		0440704B224D227700F8B76E /* UIVIewControllerExtensions.swift in Sources */ = {isa = PBXBuildFile; fileRef = 0440704A224D227700F8B76E /* UIVIewControllerExtensions.swift */; };
		045929F72250E16000BAF989 /* Alertable.swift in Sources */ = {isa = PBXBuildFile; fileRef = 045929F62250E16000BAF989 /* Alertable.swift */; };
		0468FF4B225A189200533CAB /* Constants.swift in Sources */ = {isa = PBXBuildFile; fileRef = 0468FF4A225A189200533CAB /* Constants.swift */; };
		04CA1A282248E8B500147E4B /* GradientView.swift in Sources */ = {isa = PBXBuildFile; fileRef = 04CA1A272248E8B500147E4B /* GradientView.swift */; };
		04CA1A2A2248EDE100147E4B /* RoundImageView.swift in Sources */ = {isa = PBXBuildFile; fileRef = 04CA1A292248EDE100147E4B /* RoundImageView.swift */; };
		04CA1A2C2248EF4D00147E4B /* RoundedShadowView.swift in Sources */ = {isa = PBXBuildFile; fileRef = 04CA1A2B2248EF4D00147E4B /* RoundedShadowView.swift */; };
		04CA1A2E2248F04C00147E4B /* CircleView.swift in Sources */ = {isa = PBXBuildFile; fileRef = 04CA1A2D2248F04C00147E4B /* CircleView.swift */; };
		04CA1A302248FA9600147E4B /* RoundedShadowButton.swift in Sources */ = {isa = PBXBuildFile; fileRef = 04CA1A2F2248FA9600147E4B /* RoundedShadowButton.swift */; };
		04CA1A3322490AA400147E4B /* LeftSidePanelViewController.swift in Sources */ = {isa = PBXBuildFile; fileRef = 04CA1A3222490AA400147E4B /* LeftSidePanelViewController.swift */; };
		04CA1A352249123F00147E4B /* InnerViewController.swift in Sources */ = {isa = PBXBuildFile; fileRef = 04CA1A342249123F00147E4B /* InnerViewController.swift */; };
		04CA1A372249129600147E4B /* ContainerViewController.swift in Sources */ = {isa = PBXBuildFile; fileRef = 04CA1A362249129600147E4B /* ContainerViewController.swift */; };
		04CA1A3A224915DF00147E4B /* CenterViewControllerDelegate.swift in Sources */ = {isa = PBXBuildFile; fileRef = 04CA1A39224915DF00147E4B /* CenterViewControllerDelegate.swift */; };
		04CCBF3E224A4E4C002EC8D4 /* LoginViewController.swift in Sources */ = {isa = PBXBuildFile; fileRef = 04CCBF3D224A4E4C002EC8D4 /* LoginViewController.swift */; };
		04CCBF40224A5057002EC8D4 /* RoundedCornerTextField.swift in Sources */ = {isa = PBXBuildFile; fileRef = 04CCBF3F224A5057002EC8D4 /* RoundedCornerTextField.swift */; };
		04CCBF45224A7455002EC8D4 /* DataService.swift in Sources */ = {isa = PBXBuildFile; fileRef = 04CCBF44224A7455002EC8D4 /* DataService.swift */; };
		D002B1DEA1156F03970BB318 /* Pods_UberClone.framework in Frameworks */ = {isa = PBXBuildFile; fileRef = E50F80F34FB63EF2BF323798 /* Pods_UberClone.framework */; };
/* End PBXBuildFile section */

/* Begin PBXFileReference section */
		0409DC952252160700DBB4B9 /* PickupViewController.swift */ = {isa = PBXFileReference; lastKnownFileType = sourcecode.swift; path = PickupViewController.swift; sourceTree = "<group>"; };
		0409DC97225216D800DBB4B9 /* RoundMapView.swift */ = {isa = PBXFileReference; lastKnownFileType = sourcecode.swift; path = RoundMapView.swift; sourceTree = "<group>"; };
		04122603224CF45D00343B18 /* PassangerAnnotation.swift */ = {isa = PBXFileReference; lastKnownFileType = sourcecode.swift; path = PassangerAnnotation.swift; sourceTree = "<group>"; };
		041A52A92243BF8000ECE40C /* UberClone.app */ = {isa = PBXFileReference; explicitFileType = wrapper.application; includeInIndex = 0; path = UberClone.app; sourceTree = BUILT_PRODUCTS_DIR; };
		041A52AC2243BF8000ECE40C /* AppDelegate.swift */ = {isa = PBXFileReference; lastKnownFileType = sourcecode.swift; path = AppDelegate.swift; sourceTree = "<group>"; };
		041A52AE2243BF8000ECE40C /* HomeViewController.swift */ = {isa = PBXFileReference; lastKnownFileType = sourcecode.swift; path = HomeViewController.swift; sourceTree = "<group>"; };
		041A52B12243BF8000ECE40C /* Base */ = {isa = PBXFileReference; lastKnownFileType = file.storyboard; name = Base; path = Base.lproj/Main.storyboard; sourceTree = "<group>"; };
		041A52B32243BF8200ECE40C /* Assets.xcassets */ = {isa = PBXFileReference; lastKnownFileType = folder.assetcatalog; path = Assets.xcassets; sourceTree = "<group>"; };
		041A52B62243BF8200ECE40C /* Base */ = {isa = PBXFileReference; lastKnownFileType = file.storyboard; name = Base; path = Base.lproj/LaunchScreen.storyboard; sourceTree = "<group>"; };
		041A52B82243BF8200ECE40C /* Info.plist */ = {isa = PBXFileReference; lastKnownFileType = text.plist.xml; path = Info.plist; sourceTree = "<group>"; };
		042629BC224A40820091229A /* UIViewExtension.swift */ = {isa = PBXFileReference; lastKnownFileType = sourcecode.swift; path = UIViewExtension.swift; sourceTree = "<group>"; };
		0429E2A7224BBA7400E0B250 /* UpdateService.swift */ = {isa = PBXFileReference; lastKnownFileType = sourcecode.swift; path = UpdateService.swift; sourceTree = "<group>"; };
		0429E2A9224BC33100E0B250 /* DriverAnnotation.swift */ = {isa = PBXFileReference; lastKnownFileType = sourcecode.swift; path = DriverAnnotation.swift; sourceTree = "<group>"; };
		04407048224D01A900F8B76E /* GoogleService-Info.plist */ = {isa = PBXFileReference; fileEncoding = 4; lastKnownFileType = text.plist.xml; path = "GoogleService-Info.plist"; sourceTree = "<group>"; };
		0440704A224D227700F8B76E /* UIVIewControllerExtensions.swift */ = {isa = PBXFileReference; lastKnownFileType = sourcecode.swift; path = UIVIewControllerExtensions.swift; sourceTree = "<group>"; };
		045929F62250E16000BAF989 /* Alertable.swift */ = {isa = PBXFileReference; lastKnownFileType = sourcecode.swift; path = Alertable.swift; sourceTree = "<group>"; };
		0468FF4A225A189200533CAB /* Constants.swift */ = {isa = PBXFileReference; lastKnownFileType = sourcecode.swift; path = Constants.swift; sourceTree = "<group>"; };
		04CA1A272248E8B500147E4B /* GradientView.swift */ = {isa = PBXFileReference; lastKnownFileType = sourcecode.swift; path = GradientView.swift; sourceTree = "<group>"; };
		04CA1A292248EDE100147E4B /* RoundImageView.swift */ = {isa = PBXFileReference; lastKnownFileType = sourcecode.swift; path = RoundImageView.swift; sourceTree = "<group>"; };
		04CA1A2B2248EF4D00147E4B /* RoundedShadowView.swift */ = {isa = PBXFileReference; lastKnownFileType = sourcecode.swift; path = RoundedShadowView.swift; sourceTree = "<group>"; };
		04CA1A2D2248F04C00147E4B /* CircleView.swift */ = {isa = PBXFileReference; lastKnownFileType = sourcecode.swift; path = CircleView.swift; sourceTree = "<group>"; };
		04CA1A2F2248FA9600147E4B /* RoundedShadowButton.swift */ = {isa = PBXFileReference; lastKnownFileType = sourcecode.swift; path = RoundedShadowButton.swift; sourceTree = "<group>"; };
		04CA1A3222490AA400147E4B /* LeftSidePanelViewController.swift */ = {isa = PBXFileReference; lastKnownFileType = sourcecode.swift; path = LeftSidePanelViewController.swift; sourceTree = "<group>"; };
		04CA1A342249123F00147E4B /* InnerViewController.swift */ = {isa = PBXFileReference; lastKnownFileType = sourcecode.swift; path = InnerViewController.swift; sourceTree = "<group>"; };
		04CA1A362249129600147E4B /* ContainerViewController.swift */ = {isa = PBXFileReference; lastKnownFileType = sourcecode.swift; path = ContainerViewController.swift; sourceTree = "<group>"; };
		04CA1A39224915DF00147E4B /* CenterViewControllerDelegate.swift */ = {isa = PBXFileReference; lastKnownFileType = sourcecode.swift; path = CenterViewControllerDelegate.swift; sourceTree = "<group>"; };
		04CCBF3D224A4E4C002EC8D4 /* LoginViewController.swift */ = {isa = PBXFileReference; lastKnownFileType = sourcecode.swift; path = LoginViewController.swift; sourceTree = "<group>"; };
		04CCBF3F224A5057002EC8D4 /* RoundedCornerTextField.swift */ = {isa = PBXFileReference; lastKnownFileType = sourcecode.swift; path = RoundedCornerTextField.swift; sourceTree = "<group>"; };
		04CCBF44224A7455002EC8D4 /* DataService.swift */ = {isa = PBXFileReference; lastKnownFileType = sourcecode.swift; path = DataService.swift; sourceTree = "<group>"; };
		89F85C53272FC1FAABD2279B /* Pods-UberClone.release.xcconfig */ = {isa = PBXFileReference; includeInIndex = 1; lastKnownFileType = text.xcconfig; name = "Pods-UberClone.release.xcconfig"; path = "Pods/Target Support Files/Pods-UberClone/Pods-UberClone.release.xcconfig"; sourceTree = "<group>"; };
		E50F80F34FB63EF2BF323798 /* Pods_UberClone.framework */ = {isa = PBXFileReference; explicitFileType = wrapper.framework; includeInIndex = 0; path = Pods_UberClone.framework; sourceTree = BUILT_PRODUCTS_DIR; };
		F1DF8B4E3FF802C09F2FE8AE /* Pods-UberClone.debug.xcconfig */ = {isa = PBXFileReference; includeInIndex = 1; lastKnownFileType = text.xcconfig; name = "Pods-UberClone.debug.xcconfig"; path = "Pods/Target Support Files/Pods-UberClone/Pods-UberClone.debug.xcconfig"; sourceTree = "<group>"; };
/* End PBXFileReference section */

/* Begin PBXFrameworksBuildPhase section */
		041A52A62243BF8000ECE40C /* Frameworks */ = {
			isa = PBXFrameworksBuildPhase;
			buildActionMask = 2147483647;
			files = (
				D002B1DEA1156F03970BB318 /* Pods_UberClone.framework in Frameworks */,
			);
			runOnlyForDeploymentPostprocessing = 0;
		};
/* End PBXFrameworksBuildPhase section */

/* Begin PBXGroup section */
		041A52A02243BF7F00ECE40C = {
			isa = PBXGroup;
			children = (
				041A52AB2243BF8000ECE40C /* UberClone */,
				041A52AA2243BF8000ECE40C /* Products */,
				977F184603A54B0251E24598 /* Pods */,
				3F60E3D1D28714FEC8D5DD34 /* Frameworks */,
			);
			sourceTree = "<group>";
		};
		041A52AA2243BF8000ECE40C /* Products */ = {
			isa = PBXGroup;
			children = (
				041A52A92243BF8000ECE40C /* UberClone.app */,
			);
			name = Products;
			sourceTree = "<group>";
		};
		041A52AB2243BF8000ECE40C /* UberClone */ = {
			isa = PBXGroup;
			children = (
				0468FF49225A187600533CAB /* Resources */,
				04CCBF43224A7441002EC8D4 /* Services */,
				042629BB224A40700091229A /* Extensions */,
				04CA1A38224915BF00147E4B /* Protocols */,
				04CA1A262248E88800147E4B /* Model */,
				04CA1A252248E88500147E4B /* View */,
				04CA1A242248E87600147E4B /* Controller */,
				041A52AC2243BF8000ECE40C /* AppDelegate.swift */,
				041A52B02243BF8000ECE40C /* Main.storyboard */,
				041A52B32243BF8200ECE40C /* Assets.xcassets */,
				041A52B52243BF8200ECE40C /* LaunchScreen.storyboard */,
				04407048224D01A900F8B76E /* GoogleService-Info.plist */,
				041A52B82243BF8200ECE40C /* Info.plist */,
			);
			path = UberClone;
			sourceTree = "<group>";
		};
		042629BB224A40700091229A /* Extensions */ = {
			isa = PBXGroup;
			children = (
				042629BC224A40820091229A /* UIViewExtension.swift */,
				0440704A224D227700F8B76E /* UIVIewControllerExtensions.swift */,
			);
			path = Extensions;
			sourceTree = "<group>";
		};
		0468FF49225A187600533CAB /* Resources */ = {
			isa = PBXGroup;
			children = (
				0468FF4A225A189200533CAB /* Constants.swift */,
			);
			path = Resources;
			sourceTree = "<group>";
		};
		04CA1A242248E87600147E4B /* Controller */ = {
			isa = PBXGroup;
			children = (
				041A52AE2243BF8000ECE40C /* HomeViewController.swift */,
				04CA1A3222490AA400147E4B /* LeftSidePanelViewController.swift */,
				04CA1A342249123F00147E4B /* InnerViewController.swift */,
				04CA1A362249129600147E4B /* ContainerViewController.swift */,
				04CCBF3D224A4E4C002EC8D4 /* LoginViewController.swift */,
				0409DC952252160700DBB4B9 /* PickupViewController.swift */,
			);
			path = Controller;
			sourceTree = "<group>";
		};
		04CA1A252248E88500147E4B /* View */ = {
			isa = PBXGroup;
			children = (
				04CA1A272248E8B500147E4B /* GradientView.swift */,
				04CA1A292248EDE100147E4B /* RoundImageView.swift */,
				04CA1A2B2248EF4D00147E4B /* RoundedShadowView.swift */,
				04CA1A2D2248F04C00147E4B /* CircleView.swift */,
				04CA1A2F2248FA9600147E4B /* RoundedShadowButton.swift */,
				04CCBF3F224A5057002EC8D4 /* RoundedCornerTextField.swift */,
				0429E2A9224BC33100E0B250 /* DriverAnnotation.swift */,
				04122603224CF45D00343B18 /* PassangerAnnotation.swift */,
				0409DC97225216D800DBB4B9 /* RoundMapView.swift */,
			);
			path = View;
			sourceTree = "<group>";
		};
		04CA1A262248E88800147E4B /* Model */ = {
			isa = PBXGroup;
			children = (
			);
			path = Model;
			sourceTree = "<group>";
		};
		04CA1A38224915BF00147E4B /* Protocols */ = {
			isa = PBXGroup;
			children = (
				04CA1A39224915DF00147E4B /* CenterViewControllerDelegate.swift */,
				045929F62250E16000BAF989 /* Alertable.swift */,
			);
			path = Protocols;
			sourceTree = "<group>";
		};
		04CCBF43224A7441002EC8D4 /* Services */ = {
			isa = PBXGroup;
			children = (
				04CCBF44224A7455002EC8D4 /* DataService.swift */,
				0429E2A7224BBA7400E0B250 /* UpdateService.swift */,
			);
			path = Services;
			sourceTree = "<group>";
		};
		3F60E3D1D28714FEC8D5DD34 /* Frameworks */ = {
			isa = PBXGroup;
			children = (
				E50F80F34FB63EF2BF323798 /* Pods_UberClone.framework */,
			);
			name = Frameworks;
			sourceTree = "<group>";
		};
		977F184603A54B0251E24598 /* Pods */ = {
			isa = PBXGroup;
			children = (
				F1DF8B4E3FF802C09F2FE8AE /* Pods-UberClone.debug.xcconfig */,
				89F85C53272FC1FAABD2279B /* Pods-UberClone.release.xcconfig */,
			);
			name = Pods;
			sourceTree = "<group>";
		};
/* End PBXGroup section */

/* Begin PBXNativeTarget section */
		041A52A82243BF8000ECE40C /* UberClone */ = {
			isa = PBXNativeTarget;
			buildConfigurationList = 041A52BB2243BF8200ECE40C /* Build configuration list for PBXNativeTarget "UberClone" */;
			buildPhases = (
				5E1545C7C4DEC08E8EC42642 /* [CP] Check Pods Manifest.lock */,
				041A52A52243BF8000ECE40C /* Sources */,
				041A52A62243BF8000ECE40C /* Frameworks */,
				041A52A72243BF8000ECE40C /* Resources */,
				1A284CA5B75CECF07D7AA3B2 /* [CP] Embed Pods Frameworks */,
			);
			buildRules = (
			);
			dependencies = (
			);
			name = UberClone;
			productName = UberClone;
			productReference = 041A52A92243BF8000ECE40C /* UberClone.app */;
			productType = "com.apple.product-type.application";
		};
/* End PBXNativeTarget section */

/* Begin PBXProject section */
		041A52A12243BF7F00ECE40C /* Project object */ = {
			isa = PBXProject;
			attributes = {
				LastSwiftUpdateCheck = 1010;
				LastUpgradeCheck = 1010;
				ORGANIZATIONNAME = "Peter Bassem";
				TargetAttributes = {
					041A52A82243BF8000ECE40C = {
						CreatedOnToolsVersion = 10.1;
					};
				};
			};
			buildConfigurationList = 041A52A42243BF7F00ECE40C /* Build configuration list for PBXProject "UberClone" */;
			compatibilityVersion = "Xcode 9.3";
			developmentRegion = en;
			hasScannedForEncodings = 0;
			knownRegions = (
				en,
				Base,
			);
			mainGroup = 041A52A02243BF7F00ECE40C;
			productRefGroup = 041A52AA2243BF8000ECE40C /* Products */;
			projectDirPath = "";
			projectRoot = "";
			targets = (
				041A52A82243BF8000ECE40C /* UberClone */,
			);
		};
/* End PBXProject section */

/* Begin PBXResourcesBuildPhase section */
		041A52A72243BF8000ECE40C /* Resources */ = {
			isa = PBXResourcesBuildPhase;
			buildActionMask = 2147483647;
			files = (
				041A52B72243BF8200ECE40C /* LaunchScreen.storyboard in Resources */,
				04407049224D01A900F8B76E /* GoogleService-Info.plist in Resources */,
				041A52B42243BF8200ECE40C /* Assets.xcassets in Resources */,
				041A52B22243BF8000ECE40C /* Main.storyboard in Resources */,
			);
			runOnlyForDeploymentPostprocessing = 0;
		};
/* End PBXResourcesBuildPhase section */

/* Begin PBXShellScriptBuildPhase section */
		1A284CA5B75CECF07D7AA3B2 /* [CP] Embed Pods Frameworks */ = {
			isa = PBXShellScriptBuildPhase;
			buildActionMask = 2147483647;
			files = (
			);
			inputFileListPaths = (
			);
			inputPaths = (
				"${SRCROOT}/Pods/Target Support Files/Pods-UberClone/Pods-UberClone-frameworks.sh",
				"${BUILT_PRODUCTS_DIR}/GTMSessionFetcher/GTMSessionFetcher.framework",
				"${BUILT_PRODUCTS_DIR}/GoogleUtilities/GoogleUtilities.framework",
				"${BUILT_PRODUCTS_DIR}/RevealingSplashView/RevealingSplashView.framework",
				"${BUILT_PRODUCTS_DIR}/leveldb-library/leveldb.framework",
				"${BUILT_PRODUCTS_DIR}/nanopb/nanopb.framework",
			);
			name = "[CP] Embed Pods Frameworks";
			outputFileListPaths = (
			);
			outputPaths = (
				"${TARGET_BUILD_DIR}/${FRAMEWORKS_FOLDER_PATH}/GTMSessionFetcher.framework",
				"${TARGET_BUILD_DIR}/${FRAMEWORKS_FOLDER_PATH}/GoogleUtilities.framework",
				"${TARGET_BUILD_DIR}/${FRAMEWORKS_FOLDER_PATH}/RevealingSplashView.framework",
				"${TARGET_BUILD_DIR}/${FRAMEWORKS_FOLDER_PATH}/leveldb.framework",
				"${TARGET_BUILD_DIR}/${FRAMEWORKS_FOLDER_PATH}/nanopb.framework",
			);
			runOnlyForDeploymentPostprocessing = 0;
			shellPath = /bin/sh;
			shellScript = "\"${SRCROOT}/Pods/Target Support Files/Pods-UberClone/Pods-UberClone-frameworks.sh\"\n";
			showEnvVarsInLog = 0;
		};
		5E1545C7C4DEC08E8EC42642 /* [CP] Check Pods Manifest.lock */ = {
			isa = PBXShellScriptBuildPhase;
			buildActionMask = 2147483647;
			files = (
			);
			inputFileListPaths = (
			);
			inputPaths = (
				"${PODS_PODFILE_DIR_PATH}/Podfile.lock",
				"${PODS_ROOT}/Manifest.lock",
			);
			name = "[CP] Check Pods Manifest.lock";
			outputFileListPaths = (
			);
			outputPaths = (
				"$(DERIVED_FILE_DIR)/Pods-UberClone-checkManifestLockResult.txt",
			);
			runOnlyForDeploymentPostprocessing = 0;
			shellPath = /bin/sh;
			shellScript = "diff \"${PODS_PODFILE_DIR_PATH}/Podfile.lock\" \"${PODS_ROOT}/Manifest.lock\" > /dev/null\nif [ $? != 0 ] ; then\n    # print error to STDERR\n    echo \"error: The sandbox is not in sync with the Podfile.lock. Run 'pod install' or update your CocoaPods installation.\" >&2\n    exit 1\nfi\n# This output is used by Xcode 'outputs' to avoid re-running this script phase.\necho \"SUCCESS\" > \"${SCRIPT_OUTPUT_FILE_0}\"\n";
			showEnvVarsInLog = 0;
		};
/* End PBXShellScriptBuildPhase section */

/* Begin PBXSourcesBuildPhase section */
		041A52A52243BF8000ECE40C /* Sources */ = {
			isa = PBXSourcesBuildPhase;
			buildActionMask = 2147483647;
			files = (
				04CA1A302248FA9600147E4B /* RoundedShadowButton.swift in Sources */,
				04CA1A3322490AA400147E4B /* LeftSidePanelViewController.swift in Sources */,
				0429E2A8224BBA7400E0B250 /* UpdateService.swift in Sources */,
				0429E2AA224BC33100E0B250 /* DriverAnnotation.swift in Sources */,
				04CA1A372249129600147E4B /* ContainerViewController.swift in Sources */,
				04122604224CF45D00343B18 /* PassangerAnnotation.swift in Sources */,
				0468FF4B225A189200533CAB /* Constants.swift in Sources */,
				04CA1A2E2248F04C00147E4B /* CircleView.swift in Sources */,
				0440704B224D227700F8B76E /* UIVIewControllerExtensions.swift in Sources */,
				04CA1A352249123F00147E4B /* InnerViewController.swift in Sources */,
				041A52AF2243BF8000ECE40C /* HomeViewController.swift in Sources */,
				042629BD224A40820091229A /* UIViewExtension.swift in Sources */,
				04CA1A2A2248EDE100147E4B /* RoundImageView.swift in Sources */,
				0409DC98225216D800DBB4B9 /* RoundMapView.swift in Sources */,
				04CA1A2C2248EF4D00147E4B /* RoundedShadowView.swift in Sources */,
				04CCBF45224A7455002EC8D4 /* DataService.swift in Sources */,
				045929F72250E16000BAF989 /* Alertable.swift in Sources */,
				0409DC962252160700DBB4B9 /* PickupViewController.swift in Sources */,
				041A52AD2243BF8000ECE40C /* AppDelegate.swift in Sources */,
				04CA1A282248E8B500147E4B /* GradientView.swift in Sources */,
				04CCBF40224A5057002EC8D4 /* RoundedCornerTextField.swift in Sources */,
				04CCBF3E224A4E4C002EC8D4 /* LoginViewController.swift in Sources */,
				04CA1A3A224915DF00147E4B /* CenterViewControllerDelegate.swift in Sources */,
			);
			runOnlyForDeploymentPostprocessing = 0;
		};
/* End PBXSourcesBuildPhase section */

/* Begin PBXVariantGroup section */
		041A52B02243BF8000ECE40C /* Main.storyboard */ = {
			isa = PBXVariantGroup;
			children = (
				041A52B12243BF8000ECE40C /* Base */,
			);
			name = Main.storyboard;
			sourceTree = "<group>";
		};
		041A52B52243BF8200ECE40C /* LaunchScreen.storyboard */ = {
			isa = PBXVariantGroup;
			children = (
				041A52B62243BF8200ECE40C /* Base */,
			);
			name = LaunchScreen.storyboard;
			sourceTree = "<group>";
		};
/* End PBXVariantGroup section */

/* Begin XCBuildConfiguration section */
		041A52B92243BF8200ECE40C /* Debug */ = {
			isa = XCBuildConfiguration;
			buildSettings = {
				ALWAYS_SEARCH_USER_PATHS = NO;
				CLANG_ANALYZER_NONNULL = YES;
				CLANG_ANALYZER_NUMBER_OBJECT_CONVERSION = YES_AGGRESSIVE;
				CLANG_CXX_LANGUAGE_STANDARD = "gnu++14";
				CLANG_CXX_LIBRARY = "libc++";
				CLANG_ENABLE_MODULES = YES;
				CLANG_ENABLE_OBJC_ARC = YES;
				CLANG_ENABLE_OBJC_WEAK = YES;
				CLANG_WARN_BLOCK_CAPTURE_AUTORELEASING = YES;
				CLANG_WARN_BOOL_CONVERSION = YES;
				CLANG_WARN_COMMA = YES;
				CLANG_WARN_CONSTANT_CONVERSION = YES;
				CLANG_WARN_DEPRECATED_OBJC_IMPLEMENTATIONS = YES;
				CLANG_WARN_DIRECT_OBJC_ISA_USAGE = YES_ERROR;
				CLANG_WARN_DOCUMENTATION_COMMENTS = YES;
				CLANG_WARN_EMPTY_BODY = YES;
				CLANG_WARN_ENUM_CONVERSION = YES;
				CLANG_WARN_INFINITE_RECURSION = YES;
				CLANG_WARN_INT_CONVERSION = YES;
				CLANG_WARN_NON_LITERAL_NULL_CONVERSION = YES;
				CLANG_WARN_OBJC_IMPLICIT_RETAIN_SELF = YES;
				CLANG_WARN_OBJC_LITERAL_CONVERSION = YES;
				CLANG_WARN_OBJC_ROOT_CLASS = YES_ERROR;
				CLANG_WARN_RANGE_LOOP_ANALYSIS = YES;
				CLANG_WARN_STRICT_PROTOTYPES = YES;
				CLANG_WARN_SUSPICIOUS_MOVE = YES;
				CLANG_WARN_UNGUARDED_AVAILABILITY = YES_AGGRESSIVE;
				CLANG_WARN_UNREACHABLE_CODE = YES;
				CLANG_WARN__DUPLICATE_METHOD_MATCH = YES;
				CODE_SIGN_IDENTITY = "iPhone Developer";
				COPY_PHASE_STRIP = NO;
				DEBUG_INFORMATION_FORMAT = dwarf;
				ENABLE_STRICT_OBJC_MSGSEND = YES;
				ENABLE_TESTABILITY = YES;
				GCC_C_LANGUAGE_STANDARD = gnu11;
				GCC_DYNAMIC_NO_PIC = NO;
				GCC_NO_COMMON_BLOCKS = YES;
				GCC_OPTIMIZATION_LEVEL = 0;
				GCC_PREPROCESSOR_DEFINITIONS = (
					"DEBUG=1",
					"$(inherited)",
				);
				GCC_WARN_64_TO_32_BIT_CONVERSION = YES;
				GCC_WARN_ABOUT_RETURN_TYPE = YES_ERROR;
				GCC_WARN_UNDECLARED_SELECTOR = YES;
				GCC_WARN_UNINITIALIZED_AUTOS = YES_AGGRESSIVE;
				GCC_WARN_UNUSED_FUNCTION = YES;
				GCC_WARN_UNUSED_VARIABLE = YES;
				IPHONEOS_DEPLOYMENT_TARGET = 12.1;
				MTL_ENABLE_DEBUG_INFO = INCLUDE_SOURCE;
				MTL_FAST_MATH = YES;
				ONLY_ACTIVE_ARCH = YES;
				SDKROOT = iphoneos;
				SWIFT_ACTIVE_COMPILATION_CONDITIONS = DEBUG;
				SWIFT_OPTIMIZATION_LEVEL = "-Onone";
			};
			name = Debug;
		};
		041A52BA2243BF8200ECE40C /* Release */ = {
			isa = XCBuildConfiguration;
			buildSettings = {
				ALWAYS_SEARCH_USER_PATHS = NO;
				CLANG_ANALYZER_NONNULL = YES;
				CLANG_ANALYZER_NUMBER_OBJECT_CONVERSION = YES_AGGRESSIVE;
				CLANG_CXX_LANGUAGE_STANDARD = "gnu++14";
				CLANG_CXX_LIBRARY = "libc++";
				CLANG_ENABLE_MODULES = YES;
				CLANG_ENABLE_OBJC_ARC = YES;
				CLANG_ENABLE_OBJC_WEAK = YES;
				CLANG_WARN_BLOCK_CAPTURE_AUTORELEASING = YES;
				CLANG_WARN_BOOL_CONVERSION = YES;
				CLANG_WARN_COMMA = YES;
				CLANG_WARN_CONSTANT_CONVERSION = YES;
				CLANG_WARN_DEPRECATED_OBJC_IMPLEMENTATIONS = YES;
				CLANG_WARN_DIRECT_OBJC_ISA_USAGE = YES_ERROR;
				CLANG_WARN_DOCUMENTATION_COMMENTS = YES;
				CLANG_WARN_EMPTY_BODY = YES;
				CLANG_WARN_ENUM_CONVERSION = YES;
				CLANG_WARN_INFINITE_RECURSION = YES;
				CLANG_WARN_INT_CONVERSION = YES;
				CLANG_WARN_NON_LITERAL_NULL_CONVERSION = YES;
				CLANG_WARN_OBJC_IMPLICIT_RETAIN_SELF = YES;
				CLANG_WARN_OBJC_LITERAL_CONVERSION = YES;
				CLANG_WARN_OBJC_ROOT_CLASS = YES_ERROR;
				CLANG_WARN_RANGE_LOOP_ANALYSIS = YES;
				CLANG_WARN_STRICT_PROTOTYPES = YES;
				CLANG_WARN_SUSPICIOUS_MOVE = YES;
				CLANG_WARN_UNGUARDED_AVAILABILITY = YES_AGGRESSIVE;
				CLANG_WARN_UNREACHABLE_CODE = YES;
				CLANG_WARN__DUPLICATE_METHOD_MATCH = YES;
				CODE_SIGN_IDENTITY = "iPhone Developer";
				COPY_PHASE_STRIP = NO;
				DEBUG_INFORMATION_FORMAT = "dwarf-with-dsym";
				ENABLE_NS_ASSERTIONS = NO;
				ENABLE_STRICT_OBJC_MSGSEND = YES;
				GCC_C_LANGUAGE_STANDARD = gnu11;
				GCC_NO_COMMON_BLOCKS = YES;
				GCC_WARN_64_TO_32_BIT_CONVERSION = YES;
				GCC_WARN_ABOUT_RETURN_TYPE = YES_ERROR;
				GCC_WARN_UNDECLARED_SELECTOR = YES;
				GCC_WARN_UNINITIALIZED_AUTOS = YES_AGGRESSIVE;
				GCC_WARN_UNUSED_FUNCTION = YES;
				GCC_WARN_UNUSED_VARIABLE = YES;
				IPHONEOS_DEPLOYMENT_TARGET = 12.1;
				MTL_ENABLE_DEBUG_INFO = NO;
				MTL_FAST_MATH = YES;
				SDKROOT = iphoneos;
				SWIFT_COMPILATION_MODE = wholemodule;
				SWIFT_OPTIMIZATION_LEVEL = "-O";
				VALIDATE_PRODUCT = YES;
			};
			name = Release;
		};
		041A52BC2243BF8200ECE40C /* Debug */ = {
			isa = XCBuildConfiguration;
			baseConfigurationReference = F1DF8B4E3FF802C09F2FE8AE /* Pods-UberClone.debug.xcconfig */;
			buildSettings = {
				ASSETCATALOG_COMPILER_APPICON_NAME = AppIcon;
				CODE_SIGN_STYLE = Automatic;
				DEVELOPMENT_TEAM = 7V9A3KLB32;
				INFOPLIST_FILE = UberClone/Info.plist;
				IPHONEOS_DEPLOYMENT_TARGET = 11.0;
				LD_RUNPATH_SEARCH_PATHS = (
					"$(inherited)",
					"@executable_path/Frameworks",
				);
				PRODUCT_BUNDLE_IDENTIFIER = corpycore.UberClone;
				PRODUCT_NAME = "$(TARGET_NAME)";
				SWIFT_VERSION = 4.2;
				TARGETED_DEVICE_FAMILY = "1,2";
			};
			name = Debug;
		};
		041A52BD2243BF8200ECE40C /* Release */ = {
			isa = XCBuildConfiguration;
			baseConfigurationReference = 89F85C53272FC1FAABD2279B /* Pods-UberClone.release.xcconfig */;
			buildSettings = {
				ASSETCATALOG_COMPILER_APPICON_NAME = AppIcon;
				CODE_SIGN_STYLE = Automatic;
				DEVELOPMENT_TEAM = 7V9A3KLB32;
				INFOPLIST_FILE = UberClone/Info.plist;
				IPHONEOS_DEPLOYMENT_TARGET = 11.0;
				LD_RUNPATH_SEARCH_PATHS = (
					"$(inherited)",
					"@executable_path/Frameworks",
				);
				PRODUCT_BUNDLE_IDENTIFIER = corpycore.UberClone;
				PRODUCT_NAME = "$(TARGET_NAME)";
				SWIFT_VERSION = 4.2;
				TARGETED_DEVICE_FAMILY = "1,2";
			};
			name = Release;
		};
/* End XCBuildConfiguration section */

/* Begin XCConfigurationList section */
		041A52A42243BF7F00ECE40C /* Build configuration list for PBXProject "UberClone" */ = {
			isa = XCConfigurationList;
			buildConfigurations = (
				041A52B92243BF8200ECE40C /* Debug */,
				041A52BA2243BF8200ECE40C /* Release */,
			);
			defaultConfigurationIsVisible = 0;
			defaultConfigurationName = Release;
		};
		041A52BB2243BF8200ECE40C /* Build configuration list for PBXNativeTarget "UberClone" */ = {
			isa = XCConfigurationList;
			buildConfigurations = (
				041A52BC2243BF8200ECE40C /* Debug */,
				041A52BD2243BF8200ECE40C /* Release */,
			);
			defaultConfigurationIsVisible = 0;
			defaultConfigurationName = Release;
		};
/* End XCConfigurationList section */
	};
	rootObject = 041A52A12243BF7F00ECE40C /* Project object */;
}
